
Microsoft Visual Studio Solution File, Format Version 12.00
# Visual Studio Version 16
VisualStudioVersion = 16.0.31410.357
MinimumVisualStudioVersion = 10.0.40219.1
Project("{FAE04EC0-301F-11D3-BF4B-00C04F79EFBC}") = "1-PrimeiroProjeto", "1-PrimeiroProjeto\1-PrimeiroProjeto.csproj", "{5B9A5297-D65F-4FA8-ACBC-0FBD994A9F36}"
EndProject
Project("{9A19103F-16F7-4668-BE54-9A1E7A4F7556}") = "2-CriandoVariaveis", "2-CriandoVariaveis\2-CriandoVariaveis.csproj", "{23934C3D-7EEF-4622-9A87-6CF714CBB5EF}"
EndProject
Project("{9A19103F-16F7-4668-BE54-9A1E7A4F7556}") = "3-CriandoVariaveisPontoFlutuante", "3-CriandoVariaveisPontoFlutuante\3-CriandoVariaveisPontoFlutuante.csproj", "{EF1A98A8-AA7D-4337-B4F6-9551752E8047}"
EndProject
Project("{FAE04EC0-301F-11D3-BF4B-00C04F79EFBC}") = "4-ConversoesEOutrosTiposNumericos", "4-ConversoesEOutrosTiposNumericos\4-ConversoesEOutrosTiposNumericos.csproj", "{045A6C51-F02E-406C-94C8-67F7A071053B}"
EndProject
Project("{FAE04EC0-301F-11D3-BF4B-00C04F79EFBC}") = "5-CaracteresETextos", "5-CaracteresETextos\5-CaracteresETextos.csproj", "{8A7F1615-2904-48F4-AAEC-02E00E313800}"
EndProject
Project("{FAE04EC0-301F-11D3-BF4B-00C04F79EFBC}") = "6-AtribuicoesDeVariaveis", "6-AtribuicoesDeVariaveis\6-AtribuicoesDeVariaveis.csproj", "{C4987FEB-D473-482C-B3FD-4C33142763D4}"
EndProject
Global
	GlobalSection(SolutionConfigurationPlatforms) = preSolution
		Debug|Any CPU = Debug|Any CPU
		Release|Any CPU = Release|Any CPU
	EndGlobalSection
	GlobalSection(ProjectConfigurationPlatforms) = postSolution
		{5B9A5297-D65F-4FA8-ACBC-0FBD994A9F36}.Debug|Any CPU.ActiveCfg = Debug|Any CPU
		{5B9A5297-D65F-4FA8-ACBC-0FBD994A9F36}.Debug|Any CPU.Build.0 = Debug|Any CPU
		{5B9A5297-D65F-4FA8-ACBC-0FBD994A9F36}.Release|Any CPU.ActiveCfg = Release|Any CPU
		{5B9A5297-D65F-4FA8-ACBC-0FBD994A9F36}.Release|Any CPU.Build.0 = Release|Any CPU
		{23934C3D-7EEF-4622-9A87-6CF714CBB5EF}.Debug|Any CPU.ActiveCfg = Debug|Any CPU
		{23934C3D-7EEF-4622-9A87-6CF714CBB5EF}.Debug|Any CPU.Build.0 = Debug|Any CPU
		{23934C3D-7EEF-4622-9A87-6CF714CBB5EF}.Release|Any CPU.ActiveCfg = Release|Any CPU
		{23934C3D-7EEF-4622-9A87-6CF714CBB5EF}.Release|Any CPU.Build.0 = Release|Any CPU
		{EF1A98A8-AA7D-4337-B4F6-9551752E8047}.Debug|Any CPU.ActiveCfg = Debug|Any CPU
		{EF1A98A8-AA7D-4337-B4F6-9551752E8047}.Debug|Any CPU.Build.0 = Debug|Any CPU
		{EF1A98A8-AA7D-4337-B4F6-9551752E8047}.Release|Any CPU.ActiveCfg = Release|Any CPU
		{EF1A98A8-AA7D-4337-B4F6-9551752E8047}.Release|Any CPU.Build.0 = Release|Any CPU
		{045A6C51-F02E-406C-94C8-67F7A071053B}.Debug|Any CPU.ActiveCfg = Debug|Any CPU
		{045A6C51-F02E-406C-94C8-67F7A071053B}.Debug|Any CPU.Build.0 = Debug|Any CPU
		{045A6C51-F02E-406C-94C8-67F7A071053B}.Release|Any CPU.ActiveCfg = Release|Any CPU
		{045A6C51-F02E-406C-94C8-67F7A071053B}.Release|Any CPU.Build.0 = Release|Any CPU
		{8A7F1615-2904-48F4-AAEC-02E00E313800}.Debug|Any CPU.ActiveCfg = Debug|Any CPU
		{8A7F1615-2904-48F4-AAEC-02E00E313800}.Debug|Any CPU.Build.0 = Debug|Any CPU
		{8A7F1615-2904-48F4-AAEC-02E00E313800}.Release|Any CPU.ActiveCfg = Release|Any CPU
		{8A7F1615-2904-48F4-AAEC-02E00E313800}.Release|Any CPU.Build.0 = Release|Any CPU
		{C4987FEB-D473-482C-B3FD-4C33142763D4}.Debug|Any CPU.ActiveCfg = Debug|Any CPU
		{C4987FEB-D473-482C-B3FD-4C33142763D4}.Debug|Any CPU.Build.0 = Debug|Any CPU
		{C4987FEB-D473-482C-B3FD-4C33142763D4}.Release|Any CPU.ActiveCfg = Release|Any CPU
		{C4987FEB-D473-482C-B3FD-4C33142763D4}.Release|Any CPU.Build.0 = Release|Any CPU
	EndGlobalSection
	GlobalSection(SolutionProperties) = preSolution
		HideSolutionNode = FALSE
	EndGlobalSection
	GlobalSection(ExtensibilityGlobals) = postSolution
		SolutionGuid = {41505E4F-FC34-4B20-82E2-3B6AEF6D3883}
	EndGlobalSection
EndGlobal
